
Microsoft Visual Studio Solution File, Format Version 12.00
# Visual Studio Version 17
VisualStudioVersion = 17.3.32804.467
MinimumVisualStudioVersion = 10.0.40219.1
Project("{FAE04EC0-301F-11D3-BF4B-00C04F79EFBC}") = "appRoboBlutousse", "appRoboBlutousse.csproj", "{ABE5C623-5022-417C-A4FC-54F3C1D1537D}"
EndProject
Global
	GlobalSection(SolutionConfigurationPlatforms) = preSolution
		Debug|Any CPU = Debug|Any CPU
		Release|Any CPU = Release|Any CPU
	EndGlobalSection
	GlobalSection(ProjectConfigurationPlatforms) = postSolution
		{ABE5C623-5022-417C-A4FC-54F3C1D1537D}.Debug|Any CPU.ActiveCfg = Debug|Any CPU
		{ABE5C623-5022-417C-A4FC-54F3C1D1537D}.Debug|Any CPU.Build.0 = Debug|Any CPU
		{ABE5C623-5022-417C-A4FC-54F3C1D1537D}.Release|Any CPU.ActiveCfg = Release|Any CPU
		{ABE5C623-5022-417C-A4FC-54F3C1D1537D}.Release|Any CPU.Build.0 = Release|Any CPU
	EndGlobalSection
	GlobalSection(SolutionProperties) = preSolution
		HideSolutionNode = FALSE
	EndGlobalSection
	GlobalSection(ExtensibilityGlobals) = postSolution
		SolutionGuid = {A6270B83-3454-43CD-A103-7DAE18504AF5}
	EndGlobalSection
EndGlobal
